
Microsoft Visual Studio Solution File, Format Version 12.00
# Visual Studio Version 17
VisualStudioVersion = 17.1.32414.318
MinimumVisualStudioVersion = 10.0.40219.1
Project("{FAE04EC0-301F-11D3-BF4B-00C04F79EFBC}") = "battleships-v2", "battleships-v2.csproj", "{1B686A31-A37A-45FC-BA16-1322426DE47E}"
EndProject
Project("{FAE04EC0-301F-11D3-BF4B-00C04F79EFBC}") = "battleships-v2-tests", "..\battleships-v2-tests\battleships-v2-tests.csproj", "{D106E0BE-5E78-459F-B56D-2B7B586D4AF7}"
EndProject
Global
	GlobalSection(SolutionConfigurationPlatforms) = preSolution
		Debug|Any CPU = Debug|Any CPU
		Release|Any CPU = Release|Any CPU
	EndGlobalSection
	GlobalSection(ProjectConfigurationPlatforms) = postSolution
		{1B686A31-A37A-45FC-BA16-1322426DE47E}.Debug|Any CPU.ActiveCfg = Debug|Any CPU
		{1B686A31-A37A-45FC-BA16-1322426DE47E}.Debug|Any CPU.Build.0 = Debug|Any CPU
		{1B686A31-A37A-45FC-BA16-1322426DE47E}.Release|Any CPU.ActiveCfg = Release|Any CPU
		{1B686A31-A37A-45FC-BA16-1322426DE47E}.Release|Any CPU.Build.0 = Release|Any CPU
		{D106E0BE-5E78-459F-B56D-2B7B586D4AF7}.Debug|Any CPU.ActiveCfg = Debug|Any CPU
		{D106E0BE-5E78-459F-B56D-2B7B586D4AF7}.Debug|Any CPU.Build.0 = Debug|Any CPU
		{D106E0BE-5E78-459F-B56D-2B7B586D4AF7}.Release|Any CPU.ActiveCfg = Release|Any CPU
		{D106E0BE-5E78-459F-B56D-2B7B586D4AF7}.Release|Any CPU.Build.0 = Release|Any CPU
	EndGlobalSection
	GlobalSection(SolutionProperties) = preSolution
		HideSolutionNode = FALSE
	EndGlobalSection
	GlobalSection(ExtensibilityGlobals) = postSolution
		SolutionGuid = {CD5280EF-A3C6-4C0E-BE64-7148EC3E7F5D}
	EndGlobalSection
EndGlobal
